
Microsoft Visual Studio Solution File, Format Version 12.00
# Visual Studio Version 17
VisualStudioVersion = 17.2.32516.85
MinimumVisualStudioVersion = 10.0.40219.1
Project("{FAE04EC0-301F-11D3-BF4B-00C04F79EFBC}") = "Projeto Rec", "Projeto Rec\Projeto Rec.csproj", "{F7C7F627-3D60-4784-95D4-9F44EF7BFB50}"
EndProject
Global
	GlobalSection(SolutionConfigurationPlatforms) = preSolution
		Debug|Any CPU = Debug|Any CPU
		Release|Any CPU = Release|Any CPU
	EndGlobalSection
	GlobalSection(ProjectConfigurationPlatforms) = postSolution
		{F7C7F627-3D60-4784-95D4-9F44EF7BFB50}.Debug|Any CPU.ActiveCfg = Debug|Any CPU
		{F7C7F627-3D60-4784-95D4-9F44EF7BFB50}.Debug|Any CPU.Build.0 = Debug|Any CPU
		{F7C7F627-3D60-4784-95D4-9F44EF7BFB50}.Release|Any CPU.ActiveCfg = Release|Any CPU
		{F7C7F627-3D60-4784-95D4-9F44EF7BFB50}.Release|Any CPU.Build.0 = Release|Any CPU
	EndGlobalSection
	GlobalSection(SolutionProperties) = preSolution
		HideSolutionNode = FALSE
	EndGlobalSection
	GlobalSection(ExtensibilityGlobals) = postSolution
		SolutionGuid = {990D3DFB-98A5-4A1B-8E43-CA7B4F91EE0C}
	EndGlobalSection
EndGlobal
