
Microsoft Visual Studio Solution File, Format Version 12.00
# Visual Studio Version 17
VisualStudioVersion = 17.1.32228.430
MinimumVisualStudioVersion = 10.0.40219.1
Project("{FAE04EC0-301F-11D3-BF4B-00C04F79EFBC}") = "Bhaskara", "Bhaskara\Bhaskara.csproj", "{4E5D31D0-7474-43E7-8993-B666FFC423F9}"
EndProject
Global
	GlobalSection(SolutionConfigurationPlatforms) = preSolution
		Debug|Any CPU = Debug|Any CPU
		Release|Any CPU = Release|Any CPU
	EndGlobalSection
	GlobalSection(ProjectConfigurationPlatforms) = postSolution
		{4E5D31D0-7474-43E7-8993-B666FFC423F9}.Debug|Any CPU.ActiveCfg = Debug|Any CPU
		{4E5D31D0-7474-43E7-8993-B666FFC423F9}.Debug|Any CPU.Build.0 = Debug|Any CPU
		{4E5D31D0-7474-43E7-8993-B666FFC423F9}.Release|Any CPU.ActiveCfg = Release|Any CPU
		{4E5D31D0-7474-43E7-8993-B666FFC423F9}.Release|Any CPU.Build.0 = Release|Any CPU
	EndGlobalSection
	GlobalSection(SolutionProperties) = preSolution
		HideSolutionNode = FALSE
	EndGlobalSection
	GlobalSection(ExtensibilityGlobals) = postSolution
		SolutionGuid = {F0DA9ABA-442C-4936-B0B8-9D22CA7C83ED}
	EndGlobalSection
EndGlobal
