
Microsoft Visual Studio Solution File, Format Version 12.00
# Visual Studio Version 17
VisualStudioVersion = 17.0.32126.317
MinimumVisualStudioVersion = 10.0.40219.1
Project("{FAE04EC0-301F-11D3-BF4B-00C04F79EFBC}") = "Calculadora IMC", "Calculadora IMC\Calculadora IMC.csproj", "{64FD0ABA-444D-4E23-B225-941226E389B5}"
EndProject
Global
	GlobalSection(SolutionConfigurationPlatforms) = preSolution
		Debug|Any CPU = Debug|Any CPU
		Release|Any CPU = Release|Any CPU
	EndGlobalSection
	GlobalSection(ProjectConfigurationPlatforms) = postSolution
		{64FD0ABA-444D-4E23-B225-941226E389B5}.Debug|Any CPU.ActiveCfg = Debug|Any CPU
		{64FD0ABA-444D-4E23-B225-941226E389B5}.Debug|Any CPU.Build.0 = Debug|Any CPU
		{64FD0ABA-444D-4E23-B225-941226E389B5}.Release|Any CPU.ActiveCfg = Release|Any CPU
		{64FD0ABA-444D-4E23-B225-941226E389B5}.Release|Any CPU.Build.0 = Release|Any CPU
	EndGlobalSection
	GlobalSection(SolutionProperties) = preSolution
		HideSolutionNode = FALSE
	EndGlobalSection
	GlobalSection(ExtensibilityGlobals) = postSolution
		SolutionGuid = {EB99E996-4CCD-41AE-BD79-568B6DD12F7B}
	EndGlobalSection
EndGlobal
